
Microsoft Visual Studio Solution File, Format Version 12.00
# Visual Studio Version 16
VisualStudioVersion = 16.0.32413.511
MinimumVisualStudioVersion = 10.0.40219.1
Project("{FAE04EC0-301F-11D3-BF4B-00C04F79EFBC}") = "U21493198-HW03", "U21493198-HW03.csproj", "{5D47E09B-FCB3-41FC-8436-F539DC2C70AD}"
EndProject
Global
	GlobalSection(SolutionConfigurationPlatforms) = preSolution
		Debug|Any CPU = Debug|Any CPU
		Release|Any CPU = Release|Any CPU
	EndGlobalSection
	GlobalSection(ProjectConfigurationPlatforms) = postSolution
		{5D47E09B-FCB3-41FC-8436-F539DC2C70AD}.Debug|Any CPU.ActiveCfg = Debug|Any CPU
		{5D47E09B-FCB3-41FC-8436-F539DC2C70AD}.Debug|Any CPU.Build.0 = Debug|Any CPU
		{5D47E09B-FCB3-41FC-8436-F539DC2C70AD}.Release|Any CPU.ActiveCfg = Release|Any CPU
		{5D47E09B-FCB3-41FC-8436-F539DC2C70AD}.Release|Any CPU.Build.0 = Release|Any CPU
	EndGlobalSection
	GlobalSection(SolutionProperties) = preSolution
		HideSolutionNode = FALSE
	EndGlobalSection
	GlobalSection(ExtensibilityGlobals) = postSolution
		SolutionGuid = {10F036D2-DFD0-4D92-A954-44ED3FFADC8C}
	EndGlobalSection
EndGlobal
